// !$*UTF8*$!
{
	archiveVersion = 1;
	classes = {
	};
	objectVersion = 55;
	objects = {

/* Begin PBXBuildFile section */
		461307F5274DE0220093B213 /* KanbanCell.swift in Sources */ = {isa = PBXBuildFile; fileRef = 461307F3274DE0220093B213 /* KanbanCell.swift */; };
		461307F6274DE0220093B213 /* KanbanCell.xib in Resources */ = {isa = PBXBuildFile; fileRef = 461307F4274DE0220093B213 /* KanbanCell.xib */; };
		461307FD274DE80F0093B213 /* DetailCell.swift in Sources */ = {isa = PBXBuildFile; fileRef = 461307FB274DE80F0093B213 /* DetailCell.swift */; };
		461307FE274DE80F0093B213 /* DetailCell.xib in Resources */ = {isa = PBXBuildFile; fileRef = 461307FC274DE80F0093B213 /* DetailCell.xib */; };
		4635A5E0274D0301001DA70C /* AppDelegate.swift in Sources */ = {isa = PBXBuildFile; fileRef = 4635A5DF274D0301001DA70C /* AppDelegate.swift */; };
		4635A5E2274D0301001DA70C /* SceneDelegate.swift in Sources */ = {isa = PBXBuildFile; fileRef = 4635A5E1274D0301001DA70C /* SceneDelegate.swift */; };
		4635A5E9274D0303001DA70C /* Assets.xcassets in Resources */ = {isa = PBXBuildFile; fileRef = 4635A5E8274D0303001DA70C /* Assets.xcassets */; };
		4635A5EC274D0303001DA70C /* LaunchScreen.storyboard in Resources */ = {isa = PBXBuildFile; fileRef = 4635A5EA274D0303001DA70C /* LaunchScreen.storyboard */; };
		46ECC0B5274D0BF600826CE5 /* Kanban.swift in Sources */ = {isa = PBXBuildFile; fileRef = 46ECC0B4274D0BF600826CE5 /* Kanban.swift */; };
		46ECC0B9274D0F6A00826CE5 /* KanbanController.swift in Sources */ = {isa = PBXBuildFile; fileRef = 46ECC0B8274D0F6A00826CE5 /* KanbanController.swift */; };
/* End PBXBuildFile section */

/* Begin PBXFileReference section */
		461307F3274DE0220093B213 /* KanbanCell.swift */ = {isa = PBXFileReference; lastKnownFileType = sourcecode.swift; path = KanbanCell.swift; sourceTree = "<group>"; };
		461307F4274DE0220093B213 /* KanbanCell.xib */ = {isa = PBXFileReference; lastKnownFileType = file.xib; path = KanbanCell.xib; sourceTree = "<group>"; };
		461307FB274DE80F0093B213 /* DetailCell.swift */ = {isa = PBXFileReference; lastKnownFileType = sourcecode.swift; path = DetailCell.swift; sourceTree = "<group>"; };
		461307FC274DE80F0093B213 /* DetailCell.xib */ = {isa = PBXFileReference; lastKnownFileType = file.xib; path = DetailCell.xib; sourceTree = "<group>"; };
		4635A5DC274D0301001DA70C /* kanban.app */ = {isa = PBXFileReference; explicitFileType = wrapper.application; includeInIndex = 0; path = kanban.app; sourceTree = BUILT_PRODUCTS_DIR; };
		4635A5DF274D0301001DA70C /* AppDelegate.swift */ = {isa = PBXFileReference; lastKnownFileType = sourcecode.swift; path = AppDelegate.swift; sourceTree = "<group>"; };
		4635A5E1274D0301001DA70C /* SceneDelegate.swift */ = {isa = PBXFileReference; lastKnownFileType = sourcecode.swift; path = SceneDelegate.swift; sourceTree = "<group>"; };
		4635A5E8274D0303001DA70C /* Assets.xcassets */ = {isa = PBXFileReference; lastKnownFileType = folder.assetcatalog; path = Assets.xcassets; sourceTree = "<group>"; };
		4635A5EB274D0303001DA70C /* Base */ = {isa = PBXFileReference; lastKnownFileType = file.storyboard; name = Base; path = Base.lproj/LaunchScreen.storyboard; sourceTree = "<group>"; };
		4635A5ED274D0303001DA70C /* Info.plist */ = {isa = PBXFileReference; lastKnownFileType = text.plist.xml; path = Info.plist; sourceTree = "<group>"; };
		46ECC0B4274D0BF600826CE5 /* Kanban.swift */ = {isa = PBXFileReference; lastKnownFileType = sourcecode.swift; path = Kanban.swift; sourceTree = "<group>"; };
		46ECC0B8274D0F6A00826CE5 /* KanbanController.swift */ = {isa = PBXFileReference; lastKnownFileType = sourcecode.swift; path = KanbanController.swift; sourceTree = "<group>"; };
/* End PBXFileReference section */

/* Begin PBXFrameworksBuildPhase section */
		4635A5D9274D0301001DA70C /* Frameworks */ = {
			isa = PBXFrameworksBuildPhase;
			buildActionMask = 2147483647;
			files = (
			);
			runOnlyForDeploymentPostprocessing = 0;
		};
/* End PBXFrameworksBuildPhase section */

/* Begin PBXGroup section */
		4635A5D3274D0301001DA70C = {
			isa = PBXGroup;
			children = (
				4635A5DE274D0301001DA70C /* kanban */,
				4635A5DD274D0301001DA70C /* Products */,
			);
			sourceTree = "<group>";
		};
		4635A5DD274D0301001DA70C /* Products */ = {
			isa = PBXGroup;
			children = (
				4635A5DC274D0301001DA70C /* kanban.app */,
			);
			name = Products;
			sourceTree = "<group>";
		};
		4635A5DE274D0301001DA70C /* kanban */ = {
			isa = PBXGroup;
			children = (
				4635A5DF274D0301001DA70C /* AppDelegate.swift */,
				4635A5E1274D0301001DA70C /* SceneDelegate.swift */,
				4635A5E8274D0303001DA70C /* Assets.xcassets */,
				4635A5EA274D0303001DA70C /* LaunchScreen.storyboard */,
				4635A5ED274D0303001DA70C /* Info.plist */,
				46ECC0B4274D0BF600826CE5 /* Kanban.swift */,
				46ECC0B8274D0F6A00826CE5 /* KanbanController.swift */,
				461307F3274DE0220093B213 /* KanbanCell.swift */,
				461307F4274DE0220093B213 /* KanbanCell.xib */,
				461307FB274DE80F0093B213 /* DetailCell.swift */,
				461307FC274DE80F0093B213 /* DetailCell.xib */,
			);
			path = kanban;
			sourceTree = "<group>";
		};
/* End PBXGroup section */

/* Begin PBXNativeTarget section */
		4635A5DB274D0301001DA70C /* kanban */ = {
			isa = PBXNativeTarget;
			buildConfigurationList = 4635A5F0274D0303001DA70C /* Build configuration list for PBXNativeTarget "kanban" */;
			buildPhases = (
				4635A5D8274D0301001DA70C /* Sources */,
				4635A5D9274D0301001DA70C /* Frameworks */,
				4635A5DA274D0301001DA70C /* Resources */,
			);
			buildRules = (
			);
			dependencies = (
			);
			name = kanban;
			productName = kanban;
			productReference = 4635A5DC274D0301001DA70C /* kanban.app */;
			productType = "com.apple.product-type.application";
		};
/* End PBXNativeTarget section */

/* Begin PBXProject section */
		4635A5D4274D0301001DA70C /* Project object */ = {
			isa = PBXProject;
			attributes = {
				BuildIndependentTargetsInParallel = 1;
				LastSwiftUpdateCheck = 1300;
				LastUpgradeCheck = 1300;
				TargetAttributes = {
					4635A5DB274D0301001DA70C = {
						CreatedOnToolsVersion = 13.0;
					};
				};
			};
			buildConfigurationList = 4635A5D7274D0301001DA70C /* Build configuration list for PBXProject "kanban" */;
			compatibilityVersion = "Xcode 13.0";
			developmentRegion = en;
			hasScannedForEncodings = 0;
			knownRegions = (
				en,
				Base,
			);
			mainGroup = 4635A5D3274D0301001DA70C;
			productRefGroup = 4635A5DD274D0301001DA70C /* Products */;
			projectDirPath = "";
			projectRoot = "";
			targets = (
				4635A5DB274D0301001DA70C /* kanban */,
			);
		};
/* End PBXProject section */

/* Begin PBXResourcesBuildPhase section */
		4635A5DA274D0301001DA70C /* Resources */ = {
			isa = PBXResourcesBuildPhase;
			buildActionMask = 2147483647;
			files = (
				4635A5EC274D0303001DA70C /* LaunchScreen.storyboard in Resources */,
				4635A5E9274D0303001DA70C /* Assets.xcassets in Resources */,
				461307FE274DE80F0093B213 /* DetailCell.xib in Resources */,
				461307F6274DE0220093B213 /* KanbanCell.xib in Resources */,
			);
			runOnlyForDeploymentPostprocessing = 0;
		};
/* End PBXResourcesBuildPhase section */

/* Begin PBXSourcesBuildPhase section */
		4635A5D8274D0301001DA70C /* Sources */ = {
			isa = PBXSourcesBuildPhase;
			buildActionMask = 2147483647;
			files = (
				4635A5E0274D0301001DA70C /* AppDelegate.swift in Sources */,
				46ECC0B5274D0BF600826CE5 /* Kanban.swift in Sources */,
				461307FD274DE80F0093B213 /* DetailCell.swift in Sources */,
				46ECC0B9274D0F6A00826CE5 /* KanbanController.swift in Sources */,
				461307F5274DE0220093B213 /* KanbanCell.swift in Sources */,
				4635A5E2274D0301001DA70C /* SceneDelegate.swift in Sources */,
			);
			runOnlyForDeploymentPostprocessing = 0;
		};
/* End PBXSourcesBuildPhase section */

/* Begin PBXVariantGroup section */
		4635A5EA274D0303001DA70C /* LaunchScreen.storyboard */ = {
			isa = PBXVariantGroup;
			children = (
				4635A5EB274D0303001DA70C /* Base */,
			);
			name = LaunchScreen.storyboard;
			sourceTree = "<group>";
		};
/* End PBXVariantGroup section */

/* Begin XCBuildConfiguration section */
		4635A5EE274D0303001DA70C /* Debug */ = {
			isa = XCBuildConfiguration;
			buildSettings = {
				ALWAYS_SEARCH_USER_PATHS = NO;
				CLANG_ANALYZER_NONNULL = YES;
				CLANG_ANALYZER_NUMBER_OBJECT_CONVERSION = YES_AGGRESSIVE;
				CLANG_CXX_LANGUAGE_STANDARD = "gnu++17";
				CLANG_CXX_LIBRARY = "libc++";
				CLANG_ENABLE_MODULES = YES;
				CLANG_ENABLE_OBJC_ARC = YES;
				CLANG_ENABLE_OBJC_WEAK = YES;
				CLANG_WARN_BLOCK_CAPTURE_AUTORELEASING = YES;
				CLANG_WARN_BOOL_CONVERSION = YES;
				CLANG_WARN_COMMA = YES;
				CLANG_WARN_CONSTANT_CONVERSION = YES;
				CLANG_WARN_DEPRECATED_OBJC_IMPLEMENTATIONS = YES;
				CLANG_WARN_DIRECT_OBJC_ISA_USAGE = YES_ERROR;
				CLANG_WARN_DOCUMENTATION_COMMENTS = YES;
				CLANG_WARN_EMPTY_BODY = YES;
				CLANG_WARN_ENUM_CONVERSION = YES;
				CLANG_WARN_INFINITE_RECURSION = YES;
				CLANG_WARN_INT_CONVERSION = YES;
				CLANG_WARN_NON_LITERAL_NULL_CONVERSION = YES;
				CLANG_WARN_OBJC_IMPLICIT_RETAIN_SELF = YES;
				CLANG_WARN_OBJC_LITERAL_CONVERSION = YES;
				CLANG_WARN_OBJC_ROOT_CLASS = YES_ERROR;
				CLANG_WARN_QUOTED_INCLUDE_IN_FRAMEWORK_HEADER = YES;
				CLANG_WARN_RANGE_LOOP_ANALYSIS = YES;
				CLANG_WARN_STRICT_PROTOTYPES = YES;
				CLANG_WARN_SUSPICIOUS_MOVE = YES;
				CLANG_WARN_UNGUARDED_AVAILABILITY = YES_AGGRESSIVE;
				CLANG_WARN_UNREACHABLE_CODE = YES;
				CLANG_WARN__DUPLICATE_METHOD_MATCH = YES;
				COPY_PHASE_STRIP = NO;
				DEBUG_INFORMATION_FORMAT = dwarf;
				ENABLE_STRICT_OBJC_MSGSEND = YES;
				ENABLE_TESTABILITY = YES;
				GCC_C_LANGUAGE_STANDARD = gnu11;
				GCC_DYNAMIC_NO_PIC = NO;
				GCC_NO_COMMON_BLOCKS = YES;
				GCC_OPTIMIZATION_LEVEL = 0;
				GCC_PREPROCESSOR_DEFINITIONS = (
					"DEBUG=1",
					"$(inherited)",
				);
				GCC_WARN_64_TO_32_BIT_CONVERSION = YES;
				GCC_WARN_ABOUT_RETURN_TYPE = YES_ERROR;
				GCC_WARN_UNDECLARED_SELECTOR = YES;
				GCC_WARN_UNINITIALIZED_AUTOS = YES_AGGRESSIVE;
				GCC_WARN_UNUSED_FUNCTION = YES;
				GCC_WARN_UNUSED_VARIABLE = YES;
				IPHONEOS_DEPLOYMENT_TARGET = 15.0;
				MTL_ENABLE_DEBUG_INFO = INCLUDE_SOURCE;
				MTL_FAST_MATH = YES;
				ONLY_ACTIVE_ARCH = YES;
				SDKROOT = iphoneos;
				SWIFT_ACTIVE_COMPILATION_CONDITIONS = DEBUG;
				SWIFT_OPTIMIZATION_LEVEL = "-Onone";
			};
			name = Debug;
		};
		4635A5EF274D0303001DA70C /* Release */ = {
			isa = XCBuildConfiguration;
			buildSettings = {
				ALWAYS_SEARCH_USER_PATHS = NO;
				CLANG_ANALYZER_NONNULL = YES;
				CLANG_ANALYZER_NUMBER_OBJECT_CONVERSION = YES_AGGRESSIVE;
				CLANG_CXX_LANGUAGE_STANDARD = "gnu++17";
				CLANG_CXX_LIBRARY = "libc++";
				CLANG_ENABLE_MODULES = YES;
				CLANG_ENABLE_OBJC_ARC = YES;
				CLANG_ENABLE_OBJC_WEAK = YES;
				CLANG_WARN_BLOCK_CAPTURE_AUTORELEASING = YES;
				CLANG_WARN_BOOL_CONVERSION = YES;
				CLANG_WARN_COMMA = YES;
				CLANG_WARN_CONSTANT_CONVERSION = YES;
				CLANG_WARN_DEPRECATED_OBJC_IMPLEMENTATIONS = YES;
				CLANG_WARN_DIRECT_OBJC_ISA_USAGE = YES_ERROR;
				CLANG_WARN_DOCUMENTATION_COMMENTS = YES;
				CLANG_WARN_EMPTY_BODY = YES;
				CLANG_WARN_ENUM_CONVERSION = YES;
				CLANG_WARN_INFINITE_RECURSION = YES;
				CLANG_WARN_INT_CONVERSION = YES;
				CLANG_WARN_NON_LITERAL_NULL_CONVERSION = YES;
				CLANG_WARN_OBJC_IMPLICIT_RETAIN_SELF = YES;
				CLANG_WARN_OBJC_LITERAL_CONVERSION = YES;
				CLANG_WARN_OBJC_ROOT_CLASS = YES_ERROR;
				CLANG_WARN_QUOTED_INCLUDE_IN_FRAMEWORK_HEADER = YES;
				CLANG_WARN_RANGE_LOOP_ANALYSIS = YES;
				CLANG_WARN_STRICT_PROTOTYPES = YES;
				CLANG_WARN_SUSPICIOUS_MOVE = YES;
				CLANG_WARN_UNGUARDED_AVAILABILITY = YES_AGGRESSIVE;
				CLANG_WARN_UNREACHABLE_CODE = YES;
				CLANG_WARN__DUPLICATE_METHOD_MATCH = YES;
				COPY_PHASE_STRIP = NO;
				DEBUG_INFORMATION_FORMAT = "dwarf-with-dsym";
				ENABLE_NS_ASSERTIONS = NO;
				ENABLE_STRICT_OBJC_MSGSEND = YES;
				GCC_C_LANGUAGE_STANDARD = gnu11;
				GCC_NO_COMMON_BLOCKS = YES;
				GCC_WARN_64_TO_32_BIT_CONVERSION = YES;
				GCC_WARN_ABOUT_RETURN_TYPE = YES_ERROR;
				GCC_WARN_UNDECLARED_SELECTOR = YES;
				GCC_WARN_UNINITIALIZED_AUTOS = YES_AGGRESSIVE;
				GCC_WARN_UNUSED_FUNCTION = YES;
				GCC_WARN_UNUSED_VARIABLE = YES;
				IPHONEOS_DEPLOYMENT_TARGET = 15.0;
				MTL_ENABLE_DEBUG_INFO = NO;
				MTL_FAST_MATH = YES;
				SDKROOT = iphoneos;
				SWIFT_COMPILATION_MODE = wholemodule;
				SWIFT_OPTIMIZATION_LEVEL = "-O";
				VALIDATE_PRODUCT = YES;
			};
			name = Release;
		};
		4635A5F1274D0303001DA70C /* Debug */ = {
			isa = XCBuildConfiguration;
			buildSettings = {
				ASSETCATALOG_COMPILER_APPICON_NAME = AppIcon;
				ASSETCATALOG_COMPILER_GLOBAL_ACCENT_COLOR_NAME = AccentColor;
				CODE_SIGN_STYLE = Automatic;
				CURRENT_PROJECT_VERSION = 1;
				DEVELOPMENT_TEAM = 7PC2NP6GC3;
				GENERATE_INFOPLIST_FILE = YES;
				INFOPLIST_FILE = kanban/Info.plist;
				INFOPLIST_KEY_UIApplicationSupportsIndirectInputEvents = YES;
				INFOPLIST_KEY_UILaunchStoryboardName = LaunchScreen;
				INFOPLIST_KEY_UISupportedInterfaceOrientations = UIInterfaceOrientationPortrait;
				INFOPLIST_KEY_UISupportedInterfaceOrientations_iPad = "UIInterfaceOrientationPortrait UIInterfaceOrientationPortraitUpsideDown UIInterfaceOrientationLandscapeLeft UIInterfaceOrientationLandscapeRight";
				INFOPLIST_KEY_UISupportedInterfaceOrientations_iPhone = "UIInterfaceOrientationPortrait UIInterfaceOrientationLandscapeLeft UIInterfaceOrientationLandscapeRight";
				IPHONEOS_DEPLOYMENT_TARGET = 13.0;
				LD_RUNPATH_SEARCH_PATHS = (
					"$(inherited)",
					"@executable_path/Frameworks",
				);
				MARKETING_VERSION = 1.0;
				PRODUCT_BUNDLE_IDENTIFIER = com.testflight.kanban;
				PRODUCT_NAME = "$(TARGET_NAME)";
				SWIFT_EMIT_LOC_STRINGS = YES;
				SWIFT_VERSION = 5.0;
				TARGETED_DEVICE_FAMILY = 1;
			};
			name = Debug;
		};
		4635A5F2274D0303001DA70C /* Release */ = {
			isa = XCBuildConfiguration;
			buildSettings = {
				ASSETCATALOG_COMPILER_APPICON_NAME = AppIcon;
				ASSETCATALOG_COMPILER_GLOBAL_ACCENT_COLOR_NAME = AccentColor;
				CODE_SIGN_STYLE = Automatic;
				CURRENT_PROJECT_VERSION = 1;
				DEVELOPMENT_TEAM = 7PC2NP6GC3;
				GENERATE_INFOPLIST_FILE = YES;
				INFOPLIST_FILE = kanban/Info.plist;
				INFOPLIST_KEY_UIApplicationSupportsIndirectInputEvents = YES;
				INFOPLIST_KEY_UILaunchStoryboardName = LaunchScreen;
				INFOPLIST_KEY_UISupportedInterfaceOrientations = UIInterfaceOrientationPortrait;
				INFOPLIST_KEY_UISupportedInterfaceOrientations_iPad = "UIInterfaceOrientationPortrait UIInterfaceOrientationPortraitUpsideDown UIInterfaceOrientationLandscapeLeft UIInterfaceOrientationLandscapeRight";
				INFOPLIST_KEY_UISupportedInterfaceOrientations_iPhone = "UIInterfaceOrientationPortrait UIInterfaceOrientationLandscapeLeft UIInterfaceOrientationLandscapeRight";
				IPHONEOS_DEPLOYMENT_TARGET = 13.0;
				LD_RUNPATH_SEARCH_PATHS = (
					"$(inherited)",
					"@executable_path/Frameworks",
				);
				MARKETING_VERSION = 1.0;
				PRODUCT_BUNDLE_IDENTIFIER = com.testflight.kanban;
				PRODUCT_NAME = "$(TARGET_NAME)";
				SWIFT_EMIT_LOC_STRINGS = YES;
				SWIFT_VERSION = 5.0;
				TARGETED_DEVICE_FAMILY = 1;
			};
			name = Release;
		};
/* End XCBuildConfiguration section */

/* Begin XCConfigurationList section */
		4635A5D7274D0301001DA70C /* Build configuration list for PBXProject "kanban" */ = {
			isa = XCConfigurationList;
			buildConfigurations = (
				4635A5EE274D0303001DA70C /* Debug */,
				4635A5EF274D0303001DA70C /* Release */,
			);
			defaultConfigurationIsVisible = 0;
			defaultConfigurationName = Release;
		};
		4635A5F0274D0303001DA70C /* Build configuration list for PBXNativeTarget "kanban" */ = {
			isa = XCConfigurationList;
			buildConfigurations = (
				4635A5F1274D0303001DA70C /* Debug */,
				4635A5F2274D0303001DA70C /* Release */,
			);
			defaultConfigurationIsVisible = 0;
			defaultConfigurationName = Release;
		};
/* End XCConfigurationList section */
	};
	rootObject = 4635A5D4274D0301001DA70C /* Project object */;
}
